
Microsoft Visual Studio Solution File, Format Version 12.00
# Visual Studio Version 16
VisualStudioVersion = 16.0.28803.352
MinimumVisualStudioVersion = 10.0.40219.1
Project("{FAE04EC0-301F-11D3-BF4B-00C04F79EFBC}") = "SaleOfAgriculturalProduct1", "SaleOfAgriculturalProduct1\SaleOfAgriculturalProduct1.csproj", "{1A8FF8C7-4925-46F0-B81B-4FF160078921}"
EndProject
Global
	GlobalSection(SolutionConfigurationPlatforms) = preSolution
		Debug|Any CPU = Debug|Any CPU
		Release|Any CPU = Release|Any CPU
	EndGlobalSection
	GlobalSection(ProjectConfigurationPlatforms) = postSolution
		{1A8FF8C7-4925-46F0-B81B-4FF160078921}.Debug|Any CPU.ActiveCfg = Debug|Any CPU
		{1A8FF8C7-4925-46F0-B81B-4FF160078921}.Debug|Any CPU.Build.0 = Debug|Any CPU
		{1A8FF8C7-4925-46F0-B81B-4FF160078921}.Release|Any CPU.ActiveCfg = Release|Any CPU
		{1A8FF8C7-4925-46F0-B81B-4FF160078921}.Release|Any CPU.Build.0 = Release|Any CPU
	EndGlobalSection
	GlobalSection(SolutionProperties) = preSolution
		HideSolutionNode = FALSE
	EndGlobalSection
	GlobalSection(ExtensibilityGlobals) = postSolution
		SolutionGuid = {A648F379-8D27-492D-A1AE-DF8B1154B913}
	EndGlobalSection
EndGlobal
